
Microsoft Visual Studio Solution File, Format Version 12.00
# Visual Studio 15
VisualStudioVersion = 15.0.27703.2035
MinimumVisualStudioVersion = 10.0.40219.1
Project("{FAE04EC0-301F-11D3-BF4B-00C04F79EFBC}") = "CNN", "CNN\CNN.csproj", "{D3130FD6-1D3F-467C-9E3A-EE8F62C19401}"
EndProject
Global
	GlobalSection(SolutionConfigurationPlatforms) = preSolution
		Debug|Any CPU = Debug|Any CPU
		Release|Any CPU = Release|Any CPU
	EndGlobalSection
	GlobalSection(ProjectConfigurationPlatforms) = postSolution
		{D3130FD6-1D3F-467C-9E3A-EE8F62C19401}.Debug|Any CPU.ActiveCfg = Debug|Any CPU
		{D3130FD6-1D3F-467C-9E3A-EE8F62C19401}.Debug|Any CPU.Build.0 = Debug|Any CPU
		{D3130FD6-1D3F-467C-9E3A-EE8F62C19401}.Release|Any CPU.ActiveCfg = Release|Any CPU
		{D3130FD6-1D3F-467C-9E3A-EE8F62C19401}.Release|Any CPU.Build.0 = Release|Any CPU
	EndGlobalSection
	GlobalSection(SolutionProperties) = preSolution
		HideSolutionNode = FALSE
	EndGlobalSection
	GlobalSection(ExtensibilityGlobals) = postSolution
		SolutionGuid = {9592D985-988C-4106-9D81-195C32EE2A15}
	EndGlobalSection
EndGlobal
